
Microsoft Visual Studio Solution File, Format Version 12.00
# Visual Studio Version 17
VisualStudioVersion = 17.5.33627.172
MinimumVisualStudioVersion = 10.0.40219.1
Project("{FAE04EC0-301F-11D3-BF4B-00C04F79EFBC}") = "I am your father", "I am your father\I am your father.csproj", "{1AC87EE5-DC8B-4C3E-AE0E-EA16C4D969B5}"
EndProject
Global
	GlobalSection(SolutionConfigurationPlatforms) = preSolution
		Debug|Any CPU = Debug|Any CPU
		Release|Any CPU = Release|Any CPU
	EndGlobalSection
	GlobalSection(ProjectConfigurationPlatforms) = postSolution
		{1AC87EE5-DC8B-4C3E-AE0E-EA16C4D969B5}.Debug|Any CPU.ActiveCfg = Debug|Any CPU
		{1AC87EE5-DC8B-4C3E-AE0E-EA16C4D969B5}.Debug|Any CPU.Build.0 = Debug|Any CPU
		{1AC87EE5-DC8B-4C3E-AE0E-EA16C4D969B5}.Release|Any CPU.ActiveCfg = Release|Any CPU
		{1AC87EE5-DC8B-4C3E-AE0E-EA16C4D969B5}.Release|Any CPU.Build.0 = Release|Any CPU
	EndGlobalSection
	GlobalSection(SolutionProperties) = preSolution
		HideSolutionNode = FALSE
	EndGlobalSection
	GlobalSection(ExtensibilityGlobals) = postSolution
		SolutionGuid = {0EC409CC-6453-4BE1-81F2-5E85D8C99248}
	EndGlobalSection
EndGlobal
